
Microsoft Visual Studio Solution File, Format Version 12.00
# Visual Studio Version 16
VisualStudioVersion = 16.0.31005.135
MinimumVisualStudioVersion = 10.0.40219.1
Project("{9A19103F-16F7-4668-BE54-9A1E7A4F7556}") = "YiSpace", "YiSpace.csproj", "{F79A2017-2B0A-442F-8C4A-D5F65A9B5A29}"
EndProject
Project("{FAE04EC0-301F-11D3-BF4B-00C04F79EFBC}") = "DAL", "..\DAL\DAL.csproj", "{4BE21A61-AD15-4730-BC4F-EC3F19EBC57A}"
EndProject
Global
	GlobalSection(SolutionConfigurationPlatforms) = preSolution
		Debug|Any CPU = Debug|Any CPU
		Release|Any CPU = Release|Any CPU
	EndGlobalSection
	GlobalSection(ProjectConfigurationPlatforms) = postSolution
		{F79A2017-2B0A-442F-8C4A-D5F65A9B5A29}.Debug|Any CPU.ActiveCfg = Debug|Any CPU
		{F79A2017-2B0A-442F-8C4A-D5F65A9B5A29}.Debug|Any CPU.Build.0 = Debug|Any CPU
		{F79A2017-2B0A-442F-8C4A-D5F65A9B5A29}.Release|Any CPU.ActiveCfg = Release|Any CPU
		{F79A2017-2B0A-442F-8C4A-D5F65A9B5A29}.Release|Any CPU.Build.0 = Release|Any CPU
		{4BE21A61-AD15-4730-BC4F-EC3F19EBC57A}.Debug|Any CPU.ActiveCfg = Debug|Any CPU
		{4BE21A61-AD15-4730-BC4F-EC3F19EBC57A}.Debug|Any CPU.Build.0 = Debug|Any CPU
		{4BE21A61-AD15-4730-BC4F-EC3F19EBC57A}.Release|Any CPU.ActiveCfg = Release|Any CPU
		{4BE21A61-AD15-4730-BC4F-EC3F19EBC57A}.Release|Any CPU.Build.0 = Release|Any CPU
	EndGlobalSection
	GlobalSection(SolutionProperties) = preSolution
		HideSolutionNode = FALSE
	EndGlobalSection
	GlobalSection(ExtensibilityGlobals) = postSolution
		SolutionGuid = {9B10CECC-E1F8-4F94-9112-8BCBDC17AF8A}
	EndGlobalSection
EndGlobal
